
Microsoft Visual Studio Solution File, Format Version 12.00
# Visual Studio Version 17
VisualStudioVersion = 17.4.33110.190
MinimumVisualStudioVersion = 10.0.40219.1
Project("{FAE04EC0-301F-11D3-BF4B-00C04F79EFBC}") = "Library", "Library\Library.csproj", "{A19F36B8-63DC-4ABE-A4CF-310616341AEE}"
EndProject
Global
	GlobalSection(SolutionConfigurationPlatforms) = preSolution
		Debug|Any CPU = Debug|Any CPU
		Release|Any CPU = Release|Any CPU
	EndGlobalSection
	GlobalSection(ProjectConfigurationPlatforms) = postSolution
		{A19F36B8-63DC-4ABE-A4CF-310616341AEE}.Debug|Any CPU.ActiveCfg = Debug|Any CPU
		{A19F36B8-63DC-4ABE-A4CF-310616341AEE}.Debug|Any CPU.Build.0 = Debug|Any CPU
		{A19F36B8-63DC-4ABE-A4CF-310616341AEE}.Release|Any CPU.ActiveCfg = Release|Any CPU
		{A19F36B8-63DC-4ABE-A4CF-310616341AEE}.Release|Any CPU.Build.0 = Release|Any CPU
	EndGlobalSection
	GlobalSection(SolutionProperties) = preSolution
		HideSolutionNode = FALSE
	EndGlobalSection
	GlobalSection(ExtensibilityGlobals) = postSolution
		SolutionGuid = {715AB3A7-3754-4CFB-BEEA-006B6991534A}
	EndGlobalSection
EndGlobal
